
Microsoft Visual Studio Solution File, Format Version 12.00
# Visual Studio Version 16
VisualStudioVersion = 16.0.31205.134
MinimumVisualStudioVersion = 10.0.40219.1
Project("{FAE04EC0-301F-11D3-BF4B-00C04F79EFBC}") = "LambdaExpression", "LambdaExpression\LambdaExpression.csproj", "{E4CD7340-5D13-45F8-8099-640BA8BC0B64}"
EndProject
Global
	GlobalSection(SolutionConfigurationPlatforms) = preSolution
		Debug|Any CPU = Debug|Any CPU
		Release|Any CPU = Release|Any CPU
	EndGlobalSection
	GlobalSection(ProjectConfigurationPlatforms) = postSolution
		{E4CD7340-5D13-45F8-8099-640BA8BC0B64}.Debug|Any CPU.ActiveCfg = Debug|Any CPU
		{E4CD7340-5D13-45F8-8099-640BA8BC0B64}.Debug|Any CPU.Build.0 = Debug|Any CPU
		{E4CD7340-5D13-45F8-8099-640BA8BC0B64}.Release|Any CPU.ActiveCfg = Release|Any CPU
		{E4CD7340-5D13-45F8-8099-640BA8BC0B64}.Release|Any CPU.Build.0 = Release|Any CPU
	EndGlobalSection
	GlobalSection(SolutionProperties) = preSolution
		HideSolutionNode = FALSE
	EndGlobalSection
	GlobalSection(ExtensibilityGlobals) = postSolution
		SolutionGuid = {40DC518F-3AE2-4443-903A-75560F33ABC8}
	EndGlobalSection
EndGlobal
